// !$*UTF8*$!
{
	archiveVersion = 1;
	classes = {
	};
	objectVersion = 46;
	objects = {

/* Begin PBXBuildFile section */
		1F9AF0981E595D0100314F23 /* 1.png in Resources */ = {isa = PBXBuildFile; fileRef = 1F9AF0971E595D0100314F23 /* 1.png */; };
		1F9AF09B1E59664600314F23 /* SRFaceFeature.m in Sources */ = {isa = PBXBuildFile; fileRef = 1F9AF09A1E59664600314F23 /* SRFaceFeature.m */; };
		1FCA7C661E5087F000849ECA /* main.m in Sources */ = {isa = PBXBuildFile; fileRef = 1FCA7C651E5087F000849ECA /* main.m */; };
		1FCA7C691E5087F000849ECA /* AppDelegate.m in Sources */ = {isa = PBXBuildFile; fileRef = 1FCA7C681E5087F000849ECA /* AppDelegate.m */; };
		1FCA7C6C1E5087F000849ECA /* ViewController.m in Sources */ = {isa = PBXBuildFile; fileRef = 1FCA7C6B1E5087F000849ECA /* ViewController.m */; };
		1FCA7C6F1E5087F000849ECA /* Main.storyboard in Resources */ = {isa = PBXBuildFile; fileRef = 1FCA7C6D1E5087F000849ECA /* Main.storyboard */; };
		1FCA7C711E5087F000849ECA /* Assets.xcassets in Resources */ = {isa = PBXBuildFile; fileRef = 1FCA7C701E5087F000849ECA /* Assets.xcassets */; };
		1FCA7C741E5087F000849ECA /* LaunchScreen.storyboard in Resources */ = {isa = PBXBuildFile; fileRef = 1FCA7C721E5087F000849ECA /* LaunchScreen.storyboard */; };
/* End PBXBuildFile section */

/* Begin PBXFileReference section */
		1F9AF0971E595D0100314F23 /* 1.png */ = {isa = PBXFileReference; lastKnownFileType = image.png; path = 1.png; sourceTree = "<group>"; };
		1F9AF0991E59664600314F23 /* SRFaceFeature.h */ = {isa = PBXFileReference; fileEncoding = 4; lastKnownFileType = sourcecode.c.h; path = SRFaceFeature.h; sourceTree = "<group>"; };
		1F9AF09A1E59664600314F23 /* SRFaceFeature.m */ = {isa = PBXFileReference; fileEncoding = 4; lastKnownFileType = sourcecode.c.objc; path = SRFaceFeature.m; sourceTree = "<group>"; };
		1FCA7C611E5087F000849ECA /* faceDetect.app */ = {isa = PBXFileReference; explicitFileType = wrapper.application; includeInIndex = 0; path = faceDetect.app; sourceTree = BUILT_PRODUCTS_DIR; };
		1FCA7C651E5087F000849ECA /* main.m */ = {isa = PBXFileReference; lastKnownFileType = sourcecode.c.objc; path = main.m; sourceTree = "<group>"; };
		1FCA7C671E5087F000849ECA /* AppDelegate.h */ = {isa = PBXFileReference; lastKnownFileType = sourcecode.c.h; path = AppDelegate.h; sourceTree = "<group>"; };
		1FCA7C681E5087F000849ECA /* AppDelegate.m */ = {isa = PBXFileReference; lastKnownFileType = sourcecode.c.objc; path = AppDelegate.m; sourceTree = "<group>"; };
		1FCA7C6A1E5087F000849ECA /* ViewController.h */ = {isa = PBXFileReference; lastKnownFileType = sourcecode.c.h; path = ViewController.h; sourceTree = "<group>"; };
		1FCA7C6B1E5087F000849ECA /* ViewController.m */ = {isa = PBXFileReference; lastKnownFileType = sourcecode.c.objc; path = ViewController.m; sourceTree = "<group>"; };
		1FCA7C6E1E5087F000849ECA /* Base */ = {isa = PBXFileReference; lastKnownFileType = file.storyboard; name = Base; path = Base.lproj/Main.storyboard; sourceTree = "<group>"; };
		1FCA7C701E5087F000849ECA /* Assets.xcassets */ = {isa = PBXFileReference; lastKnownFileType = folder.assetcatalog; path = Assets.xcassets; sourceTree = "<group>"; };
		1FCA7C731E5087F000849ECA /* Base */ = {isa = PBXFileReference; lastKnownFileType = file.storyboard; name = Base; path = Base.lproj/LaunchScreen.storyboard; sourceTree = "<group>"; };
		1FCA7C751E5087F000849ECA /* Info.plist */ = {isa = PBXFileReference; lastKnownFileType = text.plist.xml; path = Info.plist; sourceTree = "<group>"; };
/* End PBXFileReference section */

/* Begin PBXFrameworksBuildPhase section */
		1FCA7C5E1E5087F000849ECA /* Frameworks */ = {
			isa = PBXFrameworksBuildPhase;
			buildActionMask = 2147483647;
			files = (
			);
			runOnlyForDeploymentPostprocessing = 0;
		};
/* End PBXFrameworksBuildPhase section */

/* Begin PBXGroup section */
		1FCA7C581E5087F000849ECA = {
			isa = PBXGroup;
			children = (
				1FCA7C631E5087F000849ECA /* faceDetect */,
				1FCA7C621E5087F000849ECA /* Products */,
			);
			sourceTree = "<group>";
		};
		1FCA7C621E5087F000849ECA /* Products */ = {
			isa = PBXGroup;
			children = (
				1FCA7C611E5087F000849ECA /* faceDetect.app */,
			);
			name = Products;
			sourceTree = "<group>";
		};
		1FCA7C631E5087F000849ECA /* faceDetect */ = {
			isa = PBXGroup;
			children = (
				1F9AF0971E595D0100314F23 /* 1.png */,
				1FCA7C671E5087F000849ECA /* AppDelegate.h */,
				1FCA7C681E5087F000849ECA /* AppDelegate.m */,
				1FCA7C6A1E5087F000849ECA /* ViewController.h */,
				1FCA7C6B1E5087F000849ECA /* ViewController.m */,
				1F9AF0991E59664600314F23 /* SRFaceFeature.h */,
				1F9AF09A1E59664600314F23 /* SRFaceFeature.m */,
				1FCA7C6D1E5087F000849ECA /* Main.storyboard */,
				1FCA7C701E5087F000849ECA /* Assets.xcassets */,
				1FCA7C721E5087F000849ECA /* LaunchScreen.storyboard */,
				1FCA7C751E5087F000849ECA /* Info.plist */,
				1FCA7C641E5087F000849ECA /* Supporting Files */,
			);
			path = faceDetect;
			sourceTree = "<group>";
		};
		1FCA7C641E5087F000849ECA /* Supporting Files */ = {
			isa = PBXGroup;
			children = (
				1FCA7C651E5087F000849ECA /* main.m */,
			);
			name = "Supporting Files";
			sourceTree = "<group>";
		};
/* End PBXGroup section */

/* Begin PBXNativeTarget section */
		1FCA7C601E5087F000849ECA /* faceDetect */ = {
			isa = PBXNativeTarget;
			buildConfigurationList = 1FCA7C781E5087F000849ECA /* Build configuration list for PBXNativeTarget "faceDetect" */;
			buildPhases = (
				1FCA7C5D1E5087F000849ECA /* Sources */,
				1FCA7C5E1E5087F000849ECA /* Frameworks */,
				1FCA7C5F1E5087F000849ECA /* Resources */,
			);
			buildRules = (
			);
			dependencies = (
			);
			name = faceDetect;
			productName = faceDetect;
			productReference = 1FCA7C611E5087F000849ECA /* faceDetect.app */;
			productType = "com.apple.product-type.application";
		};
/* End PBXNativeTarget section */

/* Begin PBXProject section */
		1FCA7C591E5087F000849ECA /* Project object */ = {
			isa = PBXProject;
			attributes = {
				CLASSPREFIX = SR;
				LastUpgradeCheck = 0820;
				ORGANIZATIONNAME = "Lpzsrong Inc";
				TargetAttributes = {
					1FCA7C601E5087F000849ECA = {
						CreatedOnToolsVersion = 8.2.1;
						DevelopmentTeam = EC87CRQ8DS;
						ProvisioningStyle = Automatic;
					};
				};
			};
			buildConfigurationList = 1FCA7C5C1E5087F000849ECA /* Build configuration list for PBXProject "faceDetect" */;
			compatibilityVersion = "Xcode 3.2";
			developmentRegion = English;
			hasScannedForEncodings = 0;
			knownRegions = (
				en,
				Base,
			);
			mainGroup = 1FCA7C581E5087F000849ECA;
			productRefGroup = 1FCA7C621E5087F000849ECA /* Products */;
			projectDirPath = "";
			projectRoot = "";
			targets = (
				1FCA7C601E5087F000849ECA /* faceDetect */,
			);
		};
/* End PBXProject section */

/* Begin PBXResourcesBuildPhase section */
		1FCA7C5F1E5087F000849ECA /* Resources */ = {
			isa = PBXResourcesBuildPhase;
			buildActionMask = 2147483647;
			files = (
				1F9AF0981E595D0100314F23 /* 1.png in Resources */,
				1FCA7C741E5087F000849ECA /* LaunchScreen.storyboard in Resources */,
				1FCA7C711E5087F000849ECA /* Assets.xcassets in Resources */,
				1FCA7C6F1E5087F000849ECA /* Main.storyboard in Resources */,
			);
			runOnlyForDeploymentPostprocessing = 0;
		};
/* End PBXResourcesBuildPhase section */

/* Begin PBXSourcesBuildPhase section */
		1FCA7C5D1E5087F000849ECA /* Sources */ = {
			isa = PBXSourcesBuildPhase;
			buildActionMask = 2147483647;
			files = (
				1FCA7C6C1E5087F000849ECA /* ViewController.m in Sources */,
				1FCA7C691E5087F000849ECA /* AppDelegate.m in Sources */,
				1F9AF09B1E59664600314F23 /* SRFaceFeature.m in Sources */,
				1FCA7C661E5087F000849ECA /* main.m in Sources */,
			);
			runOnlyForDeploymentPostprocessing = 0;
		};
/* End PBXSourcesBuildPhase section */

/* Begin PBXVariantGroup section */
		1FCA7C6D1E5087F000849ECA /* Main.storyboard */ = {
			isa = PBXVariantGroup;
			children = (
				1FCA7C6E1E5087F000849ECA /* Base */,
			);
			name = Main.storyboard;
			sourceTree = "<group>";
		};
		1FCA7C721E5087F000849ECA /* LaunchScreen.storyboard */ = {
			isa = PBXVariantGroup;
			children = (
				1FCA7C731E5087F000849ECA /* Base */,
			);
			name = LaunchScreen.storyboard;
			sourceTree = "<group>";
		};
/* End PBXVariantGroup section */

/* Begin XCBuildConfiguration section */
		1FCA7C761E5087F000849ECA /* Debug */ = {
			isa = XCBuildConfiguration;
			buildSettings = {
				ALWAYS_SEARCH_USER_PATHS = NO;
				CLANG_ANALYZER_NONNULL = YES;
				CLANG_CXX_LANGUAGE_STANDARD = "gnu++0x";
				CLANG_CXX_LIBRARY = "libc++";
				CLANG_ENABLE_MODULES = YES;
				CLANG_ENABLE_OBJC_ARC = YES;
				CLANG_WARN_BOOL_CONVERSION = YES;
				CLANG_WARN_CONSTANT_CONVERSION = YES;
				CLANG_WARN_DIRECT_OBJC_ISA_USAGE = YES_ERROR;
				CLANG_WARN_DOCUMENTATION_COMMENTS = YES;
				CLANG_WARN_EMPTY_BODY = YES;
				CLANG_WARN_ENUM_CONVERSION = YES;
				CLANG_WARN_INFINITE_RECURSION = YES;
				CLANG_WARN_INT_CONVERSION = YES;
				CLANG_WARN_OBJC_ROOT_CLASS = YES_ERROR;
				CLANG_WARN_SUSPICIOUS_MOVE = YES;
				CLANG_WARN_UNREACHABLE_CODE = YES;
				CLANG_WARN__DUPLICATE_METHOD_MATCH = YES;
				"CODE_SIGN_IDENTITY[sdk=iphoneos*]" = "iPhone Developer";
				COPY_PHASE_STRIP = NO;
				DEBUG_INFORMATION_FORMAT = dwarf;
				ENABLE_STRICT_OBJC_MSGSEND = YES;
				ENABLE_TESTABILITY = YES;
				GCC_C_LANGUAGE_STANDARD = gnu99;
				GCC_DYNAMIC_NO_PIC = NO;
				GCC_NO_COMMON_BLOCKS = YES;
				GCC_OPTIMIZATION_LEVEL = 0;
				GCC_PREPROCESSOR_DEFINITIONS = (
					"DEBUG=1",
					"$(inherited)",
				);
				GCC_WARN_64_TO_32_BIT_CONVERSION = YES;
				GCC_WARN_ABOUT_RETURN_TYPE = YES_ERROR;
				GCC_WARN_UNDECLARED_SELECTOR = YES;
				GCC_WARN_UNINITIALIZED_AUTOS = YES_AGGRESSIVE;
				GCC_WARN_UNUSED_FUNCTION = YES;
				GCC_WARN_UNUSED_VARIABLE = YES;
				IPHONEOS_DEPLOYMENT_TARGET = 10.2;
				MTL_ENABLE_DEBUG_INFO = YES;
				ONLY_ACTIVE_ARCH = YES;
				SDKROOT = iphoneos;
				TARGETED_DEVICE_FAMILY = "1,2";
			};
			name = Debug;
		};
		1FCA7C771E5087F000849ECA /* Release */ = {
			isa = XCBuildConfiguration;
			buildSettings = {
				ALWAYS_SEARCH_USER_PATHS = NO;
				CLANG_ANALYZER_NONNULL = YES;
				CLANG_CXX_LANGUAGE_STANDARD = "gnu++0x";
				CLANG_CXX_LIBRARY = "libc++";
				CLANG_ENABLE_MODULES = YES;
				CLANG_ENABLE_OBJC_ARC = YES;
				CLANG_WARN_BOOL_CONVERSION = YES;
				CLANG_WARN_CONSTANT_CONVERSION = YES;
				CLANG_WARN_DIRECT_OBJC_ISA_USAGE = YES_ERROR;
				CLANG_WARN_DOCUMENTATION_COMMENTS = YES;
				CLANG_WARN_EMPTY_BODY = YES;
				CLANG_WARN_ENUM_CONVERSION = YES;
				CLANG_WARN_INFINITE_RECURSION = YES;
				CLANG_WARN_INT_CONVERSION = YES;
				CLANG_WARN_OBJC_ROOT_CLASS = YES_ERROR;
				CLANG_WARN_SUSPICIOUS_MOVE = YES;
				CLANG_WARN_UNREACHABLE_CODE = YES;
				CLANG_WARN__DUPLICATE_METHOD_MATCH = YES;
				"CODE_SIGN_IDENTITY[sdk=iphoneos*]" = "iPhone Developer";
				COPY_PHASE_STRIP = NO;
				DEBUG_INFORMATION_FORMAT = "dwarf-with-dsym";
				ENABLE_NS_ASSERTIONS = NO;
				ENABLE_STRICT_OBJC_MSGSEND = YES;
				GCC_C_LANGUAGE_STANDARD = gnu99;
				GCC_NO_COMMON_BLOCKS = YES;
				GCC_WARN_64_TO_32_BIT_CONVERSION = YES;
				GCC_WARN_ABOUT_RETURN_TYPE = YES_ERROR;
				GCC_WARN_UNDECLARED_SELECTOR = YES;
				GCC_WARN_UNINITIALIZED_AUTOS = YES_AGGRESSIVE;
				GCC_WARN_UNUSED_FUNCTION = YES;
				GCC_WARN_UNUSED_VARIABLE = YES;
				IPHONEOS_DEPLOYMENT_TARGET = 10.2;
				MTL_ENABLE_DEBUG_INFO = NO;
				SDKROOT = iphoneos;
				TARGETED_DEVICE_FAMILY = "1,2";
				VALIDATE_PRODUCT = YES;
			};
			name = Release;
		};
		1FCA7C791E5087F000849ECA /* Debug */ = {
			isa = XCBuildConfiguration;
			buildSettings = {
				ASSETCATALOG_COMPILER_APPICON_NAME = AppIcon;
				DEVELOPMENT_TEAM = EC87CRQ8DS;
				INFOPLIST_FILE = faceDetect/Info.plist;
				LD_RUNPATH_SEARCH_PATHS = "$(inherited) @executable_path/Frameworks";
				PRODUCT_BUNDLE_IDENTIFIER = com.zhang.faceDetect;
				PRODUCT_NAME = "$(TARGET_NAME)";
			};
			name = Debug;
		};
		1FCA7C7A1E5087F000849ECA /* Release */ = {
			isa = XCBuildConfiguration;
			buildSettings = {
				ASSETCATALOG_COMPILER_APPICON_NAME = AppIcon;
				DEVELOPMENT_TEAM = EC87CRQ8DS;
				INFOPLIST_FILE = faceDetect/Info.plist;
				LD_RUNPATH_SEARCH_PATHS = "$(inherited) @executable_path/Frameworks";
				PRODUCT_BUNDLE_IDENTIFIER = com.zhang.faceDetect;
				PRODUCT_NAME = "$(TARGET_NAME)";
			};
			name = Release;
		};
/* End XCBuildConfiguration section */

/* Begin XCConfigurationList section */
		1FCA7C5C1E5087F000849ECA /* Build configuration list for PBXProject "faceDetect" */ = {
			isa = XCConfigurationList;
			buildConfigurations = (
				1FCA7C761E5087F000849ECA /* Debug */,
				1FCA7C771E5087F000849ECA /* Release */,
			);
			defaultConfigurationIsVisible = 0;
			defaultConfigurationName = Release;
		};
		1FCA7C781E5087F000849ECA /* Build configuration list for PBXNativeTarget "faceDetect" */ = {
			isa = XCConfigurationList;
			buildConfigurations = (
				1FCA7C791E5087F000849ECA /* Debug */,
				1FCA7C7A1E5087F000849ECA /* Release */,
			);
			defaultConfigurationIsVisible = 0;
			defaultConfigurationName = Release;
		};
/* End XCConfigurationList section */
	};
	rootObject = 1FCA7C591E5087F000849ECA /* Project object */;
}
